GALEX_galex_FUV.dati
GALEX_galex_NUV.dati
TOPHAT_UV1500top.dati
TOPHAT_UV2300top.dati
TOPHAT_UV2800top.dati
SDSS_sdss_u.dati
SDSS_sdss_g.dati
SDSS_sdss_r.dati
SDSS_sdss_i.dati
SDSS_sdss_z.dati
2MASS_Jband_2mass.dati
2MASS_Hband_2mass.dati
2MASS_Ksband_2mass.dati
UKIRT_Y_filter.dati
UKIRT_J_filter.dati
UKIRT_H_filter.dati
UKIRT_K_filter.dati
